// !$*UTF8*$!
{
	archiveVersion = 1;
	classes = {
	};
	objectVersion = 55;
	objects = {

/* Begin PBXBuildFile section */
		0D2417852764C1730075FDF7 /* ViewBackController.swift in Sources */ = {isa = PBXBuildFile; fileRef = 0D2417842764C1730075FDF7 /* ViewBackController.swift */; };
		0D9F7A142764979400CCD550 /* AppDelegate.swift in Sources */ = {isa = PBXBuildFile; fileRef = 0D9F7A132764979400CCD550 /* AppDelegate.swift */; };
		0D9F7A162764979400CCD550 /* SceneDelegate.swift in Sources */ = {isa = PBXBuildFile; fileRef = 0D9F7A152764979400CCD550 /* SceneDelegate.swift */; };
		0D9F7A182764979400CCD550 /* ViewController.swift in Sources */ = {isa = PBXBuildFile; fileRef = 0D9F7A172764979400CCD550 /* ViewController.swift */; };
		0D9F7A1B2764979400CCD550 /* Main.storyboard in Resources */ = {isa = PBXBuildFile; fileRef = 0D9F7A192764979400CCD550 /* Main.storyboard */; };
		0D9F7A1D2764979600CCD550 /* Assets.xcassets in Resources */ = {isa = PBXBuildFile; fileRef = 0D9F7A1C2764979600CCD550 /* Assets.xcassets */; };
		0D9F7A202764979600CCD550 /* LaunchScreen.storyboard in Resources */ = {isa = PBXBuildFile; fileRef = 0D9F7A1E2764979600CCD550 /* LaunchScreen.storyboard */; };
		0D9F7A2B2764979600CCD550 /* Test1Tests.swift in Sources */ = {isa = PBXBuildFile; fileRef = 0D9F7A2A2764979600CCD550 /* Test1Tests.swift */; };
		0D9F7A352764979600CCD550 /* Test1UITests.swift in Sources */ = {isa = PBXBuildFile; fileRef = 0D9F7A342764979600CCD550 /* Test1UITests.swift */; };
		0D9F7A372764979600CCD550 /* Test1UITestsLaunchTests.swift in Sources */ = {isa = PBXBuildFile; fileRef = 0D9F7A362764979600CCD550 /* Test1UITestsLaunchTests.swift */; };
/* End PBXBuildFile section */

/* Begin PBXContainerItemProxy section */
		0D9F7A272764979600CCD550 /* PBXContainerItemProxy */ = {
			isa = PBXContainerItemProxy;
			containerPortal = 0D9F7A082764979400CCD550 /* Project object */;
			proxyType = 1;
			remoteGlobalIDString = 0D9F7A0F2764979400CCD550;
			remoteInfo = Test1;
		};
		0D9F7A312764979600CCD550 /* PBXContainerItemProxy */ = {
			isa = PBXContainerItemProxy;
			containerPortal = 0D9F7A082764979400CCD550 /* Project object */;
			proxyType = 1;
			remoteGlobalIDString = 0D9F7A0F2764979400CCD550;
			remoteInfo = Test1;
		};
/* End PBXContainerItemProxy section */

/* Begin PBXFileReference section */
		0D2417842764C1730075FDF7 /* ViewBackController.swift */ = {isa = PBXFileReference; lastKnownFileType = sourcecode.swift; path = ViewBackController.swift; sourceTree = "<group>"; };
		0D9F7A102764979400CCD550 /* Test1.app */ = {isa = PBXFileReference; explicitFileType = wrapper.application; includeInIndex = 0; path = Test1.app; sourceTree = BUILT_PRODUCTS_DIR; };
		0D9F7A132764979400CCD550 /* AppDelegate.swift */ = {isa = PBXFileReference; lastKnownFileType = sourcecode.swift; path = AppDelegate.swift; sourceTree = "<group>"; };
		0D9F7A152764979400CCD550 /* SceneDelegate.swift */ = {isa = PBXFileReference; lastKnownFileType = sourcecode.swift; path = SceneDelegate.swift; sourceTree = "<group>"; };
		0D9F7A172764979400CCD550 /* ViewController.swift */ = {isa = PBXFileReference; lastKnownFileType = sourcecode.swift; path = ViewController.swift; sourceTree = "<group>"; };
		0D9F7A1A2764979400CCD550 /* Base */ = {isa = PBXFileReference; lastKnownFileType = file.storyboard; name = Base; path = Base.lproj/Main.storyboard; sourceTree = "<group>"; };
		0D9F7A1C2764979600CCD550 /* Assets.xcassets */ = {isa = PBXFileReference; lastKnownFileType = folder.assetcatalog; path = Assets.xcassets; sourceTree = "<group>"; };
		0D9F7A1F2764979600CCD550 /* Base */ = {isa = PBXFileReference; lastKnownFileType = file.storyboard; name = Base; path = Base.lproj/LaunchScreen.storyboard; sourceTree = "<group>"; };
		0D9F7A212764979600CCD550 /* Info.plist */ = {isa = PBXFileReference; lastKnownFileType = text.plist.xml; path = Info.plist; sourceTree = "<group>"; };
		0D9F7A262764979600CCD550 /* Test1Tests.xctest */ = {isa = PBXFileReference; explicitFileType = wrapper.cfbundle; includeInIndex = 0; path = Test1Tests.xctest; sourceTree = BUILT_PRODUCTS_DIR; };
		0D9F7A2A2764979600CCD550 /* Test1Tests.swift */ = {isa = PBXFileReference; lastKnownFileType = sourcecode.swift; path = Test1Tests.swift; sourceTree = "<group>"; };
		0D9F7A302764979600CCD550 /* Test1UITests.xctest */ = {isa = PBXFileReference; explicitFileType = wrapper.cfbundle; includeInIndex = 0; path = Test1UITests.xctest; sourceTree = BUILT_PRODUCTS_DIR; };
		0D9F7A342764979600CCD550 /* Test1UITests.swift */ = {isa = PBXFileReference; lastKnownFileType = sourcecode.swift; path = Test1UITests.swift; sourceTree = "<group>"; };
		0D9F7A362764979600CCD550 /* Test1UITestsLaunchTests.swift */ = {isa = PBXFileReference; lastKnownFileType = sourcecode.swift; path = Test1UITestsLaunchTests.swift; sourceTree = "<group>"; };
/* End PBXFileReference section */

/* Begin PBXFrameworksBuildPhase section */
		0D9F7A0D2764979400CCD550 /* Frameworks */ = {
			isa = PBXFrameworksBuildPhase;
			buildActionMask = 2147483647;
			files = (
			);
			runOnlyForDeploymentPostprocessing = 0;
		};
		0D9F7A232764979600CCD550 /* Frameworks */ = {
			isa = PBXFrameworksBuildPhase;
			buildActionMask = 2147483647;
			files = (
			);
			runOnlyForDeploymentPostprocessing = 0;
		};
		0D9F7A2D2764979600CCD550 /* Frameworks */ = {
			isa = PBXFrameworksBuildPhase;
			buildActionMask = 2147483647;
			files = (
			);
			runOnlyForDeploymentPostprocessing = 0;
		};
/* End PBXFrameworksBuildPhase section */

/* Begin PBXGroup section */
		0D9F7A072764979400CCD550 = {
			isa = PBXGroup;
			children = (
				0D9F7A122764979400CCD550 /* Test1 */,
				0D9F7A292764979600CCD550 /* Test1Tests */,
				0D9F7A332764979600CCD550 /* Test1UITests */,
				0D9F7A112764979400CCD550 /* Products */,
			);
			sourceTree = "<group>";
		};
		0D9F7A112764979400CCD550 /* Products */ = {
			isa = PBXGroup;
			children = (
				0D9F7A102764979400CCD550 /* Test1.app */,
				0D9F7A262764979600CCD550 /* Test1Tests.xctest */,
				0D9F7A302764979600CCD550 /* Test1UITests.xctest */,
			);
			name = Products;
			sourceTree = "<group>";
		};
		0D9F7A122764979400CCD550 /* Test1 */ = {
			isa = PBXGroup;
			children = (
				0D9F7A132764979400CCD550 /* AppDelegate.swift */,
				0D9F7A152764979400CCD550 /* SceneDelegate.swift */,
				0D9F7A172764979400CCD550 /* ViewController.swift */,
				0D9F7A192764979400CCD550 /* Main.storyboard */,
				0D2417842764C1730075FDF7 /* ViewBackController.swift */,
				0D9F7A1C2764979600CCD550 /* Assets.xcassets */,
				0D9F7A1E2764979600CCD550 /* LaunchScreen.storyboard */,
				0D9F7A212764979600CCD550 /* Info.plist */,
			);
			path = Test1;
			sourceTree = "<group>";
		};
		0D9F7A292764979600CCD550 /* Test1Tests */ = {
			isa = PBXGroup;
			children = (
				0D9F7A2A2764979600CCD550 /* Test1Tests.swift */,
			);
			path = Test1Tests;
			sourceTree = "<group>";
		};
		0D9F7A332764979600CCD550 /* Test1UITests */ = {
			isa = PBXGroup;
			children = (
				0D9F7A342764979600CCD550 /* Test1UITests.swift */,
				0D9F7A362764979600CCD550 /* Test1UITestsLaunchTests.swift */,
			);
			path = Test1UITests;
			sourceTree = "<group>";
		};
/* End PBXGroup section */

/* Begin PBXNativeTarget section */
		0D9F7A0F2764979400CCD550 /* Test1 */ = {
			isa = PBXNativeTarget;
			buildConfigurationList = 0D9F7A3A2764979600CCD550 /* Build configuration list for PBXNativeTarget "Test1" */;
			buildPhases = (
				0D9F7A0C2764979400CCD550 /* Sources */,
				0D9F7A0D2764979400CCD550 /* Frameworks */,
				0D9F7A0E2764979400CCD550 /* Resources */,
			);
			buildRules = (
			);
			dependencies = (
			);
			name = Test1;
			productName = Test1;
			productReference = 0D9F7A102764979400CCD550 /* Test1.app */;
			productType = "com.apple.product-type.application";
		};
		0D9F7A252764979600CCD550 /* Test1Tests */ = {
			isa = PBXNativeTarget;
			buildConfigurationList = 0D9F7A3D2764979600CCD550 /* Build configuration list for PBXNativeTarget "Test1Tests" */;
			buildPhases = (
				0D9F7A222764979600CCD550 /* Sources */,
				0D9F7A232764979600CCD550 /* Frameworks */,
				0D9F7A242764979600CCD550 /* Resources */,
			);
			buildRules = (
			);
			dependencies = (
				0D9F7A282764979600CCD550 /* PBXTargetDependency */,
			);
			name = Test1Tests;
			productName = Test1Tests;
			productReference = 0D9F7A262764979600CCD550 /* Test1Tests.xctest */;
			productType = "com.apple.product-type.bundle.unit-test";
		};
		0D9F7A2F2764979600CCD550 /* Test1UITests */ = {
			isa = PBXNativeTarget;
			buildConfigurationList = 0D9F7A402764979600CCD550 /* Build configuration list for PBXNativeTarget "Test1UITests" */;
			buildPhases = (
				0D9F7A2C2764979600CCD550 /* Sources */,
				0D9F7A2D2764979600CCD550 /* Frameworks */,
				0D9F7A2E2764979600CCD550 /* Resources */,
			);
			buildRules = (
			);
			dependencies = (
				0D9F7A322764979600CCD550 /* PBXTargetDependency */,
			);
			name = Test1UITests;
			productName = Test1UITests;
			productReference = 0D9F7A302764979600CCD550 /* Test1UITests.xctest */;
			productType = "com.apple.product-type.bundle.ui-testing";
		};
/* End PBXNativeTarget section */

/* Begin PBXProject section */
		0D9F7A082764979400CCD550 /* Project object */ = {
			isa = PBXProject;
			attributes = {
				BuildIndependentTargetsInParallel = 1;
				LastSwiftUpdateCheck = 1310;
				LastUpgradeCheck = 1310;
				TargetAttributes = {
					0D9F7A0F2764979400CCD550 = {
						CreatedOnToolsVersion = 13.1;
					};
					0D9F7A252764979600CCD550 = {
						CreatedOnToolsVersion = 13.1;
						TestTargetID = 0D9F7A0F2764979400CCD550;
					};
					0D9F7A2F2764979600CCD550 = {
						CreatedOnToolsVersion = 13.1;
						TestTargetID = 0D9F7A0F2764979400CCD550;
					};
				};
			};
			buildConfigurationList = 0D9F7A0B2764979400CCD550 /* Build configuration list for PBXProject "Test1" */;
			compatibilityVersion = "Xcode 13.0";
			developmentRegion = en;
			hasScannedForEncodings = 0;
			knownRegions = (
				en,
				Base,
			);
			mainGroup = 0D9F7A072764979400CCD550;
			productRefGroup = 0D9F7A112764979400CCD550 /* Products */;
			projectDirPath = "";
			projectRoot = "";
			targets = (
				0D9F7A0F2764979400CCD550 /* Test1 */,
				0D9F7A252764979600CCD550 /* Test1Tests */,
				0D9F7A2F2764979600CCD550 /* Test1UITests */,
			);
		};
/* End PBXProject section */

/* Begin PBXResourcesBuildPhase section */
		0D9F7A0E2764979400CCD550 /* Resources */ = {
			isa = PBXResourcesBuildPhase;
			buildActionMask = 2147483647;
			files = (
				0D9F7A202764979600CCD550 /* LaunchScreen.storyboard in Resources */,
				0D9F7A1D2764979600CCD550 /* Assets.xcassets in Resources */,
				0D9F7A1B2764979400CCD550 /* Main.storyboard in Resources */,
			);
			runOnlyForDeploymentPostprocessing = 0;
		};
		0D9F7A242764979600CCD550 /* Resources */ = {
			isa = PBXResourcesBuildPhase;
			buildActionMask = 2147483647;
			files = (
			);
			runOnlyForDeploymentPostprocessing = 0;
		};
		0D9F7A2E2764979600CCD550 /* Resources */ = {
			isa = PBXResourcesBuildPhase;
			buildActionMask = 2147483647;
			files = (
			);
			runOnlyForDeploymentPostprocessing = 0;
		};
/* End PBXResourcesBuildPhase section */

/* Begin PBXSourcesBuildPhase section */
		0D9F7A0C2764979400CCD550 /* Sources */ = {
			isa = PBXSourcesBuildPhase;
			buildActionMask = 2147483647;
			files = (
				0D9F7A182764979400CCD550 /* ViewController.swift in Sources */,
				0D9F7A142764979400CCD550 /* AppDelegate.swift in Sources */,
				0D9F7A162764979400CCD550 /* SceneDelegate.swift in Sources */,
				0D2417852764C1730075FDF7 /* ViewBackController.swift in Sources */,
			);
			runOnlyForDeploymentPostprocessing = 0;
		};
		0D9F7A222764979600CCD550 /* Sources */ = {
			isa = PBXSourcesBuildPhase;
			buildActionMask = 2147483647;
			files = (
				0D9F7A2B2764979600CCD550 /* Test1Tests.swift in Sources */,
			);
			runOnlyForDeploymentPostprocessing = 0;
		};
		0D9F7A2C2764979600CCD550 /* Sources */ = {
			isa = PBXSourcesBuildPhase;
			buildActionMask = 2147483647;
			files = (
				0D9F7A372764979600CCD550 /* Test1UITestsLaunchTests.swift in Sources */,
				0D9F7A352764979600CCD550 /* Test1UITests.swift in Sources */,
			);
			runOnlyForDeploymentPostprocessing = 0;
		};
/* End PBXSourcesBuildPhase section */

/* Begin PBXTargetDependency section */
		0D9F7A282764979600CCD550 /* PBXTargetDependency */ = {
			isa = PBXTargetDependency;
			target = 0D9F7A0F2764979400CCD550 /* Test1 */;
			targetProxy = 0D9F7A272764979600CCD550 /* PBXContainerItemProxy */;
		};
		0D9F7A322764979600CCD550 /* PBXTargetDependency */ = {
			isa = PBXTargetDependency;
			target = 0D9F7A0F2764979400CCD550 /* Test1 */;
			targetProxy = 0D9F7A312764979600CCD550 /* PBXContainerItemProxy */;
		};
/* End PBXTargetDependency section */

/* Begin PBXVariantGroup section */
		0D9F7A192764979400CCD550 /* Main.storyboard */ = {
			isa = PBXVariantGroup;
			children = (
				0D9F7A1A2764979400CCD550 /* Base */,
			);
			name = Main.storyboard;
			sourceTree = "<group>";
		};
		0D9F7A1E2764979600CCD550 /* LaunchScreen.storyboard */ = {
			isa = PBXVariantGroup;
			children = (
				0D9F7A1F2764979600CCD550 /* Base */,
			);
			name = LaunchScreen.storyboard;
			sourceTree = "<group>";
		};
/* End PBXVariantGroup section */

/* Begin XCBuildConfiguration section */
		0D9F7A382764979600CCD550 /* Debug */ = {
			isa = XCBuildConfiguration;
			buildSettings = {
				ALWAYS_SEARCH_USER_PATHS = NO;
				CLANG_ANALYZER_NONNULL = YES;
				CLANG_ANALYZER_NUMBER_OBJECT_CONVERSION = YES_AGGRESSIVE;
				CLANG_CXX_LANGUAGE_STANDARD = "gnu++17";
				CLANG_CXX_LIBRARY = "libc++";
				CLANG_ENABLE_MODULES = YES;
				CLANG_ENABLE_OBJC_ARC = YES;
				CLANG_ENABLE_OBJC_WEAK = YES;
				CLANG_WARN_BLOCK_CAPTURE_AUTORELEASING = YES;
				CLANG_WARN_BOOL_CONVERSION = YES;
				CLANG_WARN_COMMA = YES;
				CLANG_WARN_CONSTANT_CONVERSION = YES;
				CLANG_WARN_DEPRECATED_OBJC_IMPLEMENTATIONS = YES;
				CLANG_WARN_DIRECT_OBJC_ISA_USAGE = YES_ERROR;
				CLANG_WARN_DOCUMENTATION_COMMENTS = YES;
				CLANG_WARN_EMPTY_BODY = YES;
				CLANG_WARN_ENUM_CONVERSION = YES;
				CLANG_WARN_INFINITE_RECURSION = YES;
				CLANG_WARN_INT_CONVERSION = YES;
				CLANG_WARN_NON_LITERAL_NULL_CONVERSION = YES;
				CLANG_WARN_OBJC_IMPLICIT_RETAIN_SELF = YES;
				CLANG_WARN_OBJC_LITERAL_CONVERSION = YES;
				CLANG_WARN_OBJC_ROOT_CLASS = YES_ERROR;
				CLANG_WARN_QUOTED_INCLUDE_IN_FRAMEWORK_HEADER = YES;
				CLANG_WARN_RANGE_LOOP_ANALYSIS = YES;
				CLANG_WARN_STRICT_PROTOTYPES = YES;
				CLANG_WARN_SUSPICIOUS_MOVE = YES;
				CLANG_WARN_UNGUARDED_AVAILABILITY = YES_AGGRESSIVE;
				CLANG_WARN_UNREACHABLE_CODE = YES;
				CLANG_WARN__DUPLICATE_METHOD_MATCH = YES;
				COPY_PHASE_STRIP = NO;
				DEBUG_INFORMATION_FORMAT = dwarf;
				ENABLE_STRICT_OBJC_MSGSEND = YES;
				ENABLE_TESTABILITY = YES;
				GCC_C_LANGUAGE_STANDARD = gnu11;
				GCC_DYNAMIC_NO_PIC = NO;
				GCC_NO_COMMON_BLOCKS = YES;
				GCC_OPTIMIZATION_LEVEL = 0;
				GCC_PREPROCESSOR_DEFINITIONS = (
					"DEBUG=1",
					"$(inherited)",
				);
				GCC_WARN_64_TO_32_BIT_CONVERSION = YES;
				GCC_WARN_ABOUT_RETURN_TYPE = YES_ERROR;
				GCC_WARN_UNDECLARED_SELECTOR = YES;
				GCC_WARN_UNINITIALIZED_AUTOS = YES_AGGRESSIVE;
				GCC_WARN_UNUSED_FUNCTION = YES;
				GCC_WARN_UNUSED_VARIABLE = YES;
				IPHONEOS_DEPLOYMENT_TARGET = 15.0;
				MTL_ENABLE_DEBUG_INFO = INCLUDE_SOURCE;
				MTL_FAST_MATH = YES;
				ONLY_ACTIVE_ARCH = YES;
				SDKROOT = iphoneos;
				SWIFT_ACTIVE_COMPILATION_CONDITIONS = DEBUG;
				SWIFT_OPTIMIZATION_LEVEL = "-Onone";
			};
			name = Debug;
		};
		0D9F7A392764979600CCD550 /* Release */ = {
			isa = XCBuildConfiguration;
			buildSettings = {
				ALWAYS_SEARCH_USER_PATHS = NO;
				CLANG_ANALYZER_NONNULL = YES;
				CLANG_ANALYZER_NUMBER_OBJECT_CONVERSION = YES_AGGRESSIVE;
				CLANG_CXX_LANGUAGE_STANDARD = "gnu++17";
				CLANG_CXX_LIBRARY = "libc++";
				CLANG_ENABLE_MODULES = YES;
				CLANG_ENABLE_OBJC_ARC = YES;
				CLANG_ENABLE_OBJC_WEAK = YES;
				CLANG_WARN_BLOCK_CAPTURE_AUTORELEASING = YES;
				CLANG_WARN_BOOL_CONVERSION = YES;
				CLANG_WARN_COMMA = YES;
				CLANG_WARN_CONSTANT_CONVERSION = YES;
				CLANG_WARN_DEPRECATED_OBJC_IMPLEMENTATIONS = YES;
				CLANG_WARN_DIRECT_OBJC_ISA_USAGE = YES_ERROR;
				CLANG_WARN_DOCUMENTATION_COMMENTS = YES;
				CLANG_WARN_EMPTY_BODY = YES;
				CLANG_WARN_ENUM_CONVERSION = YES;
				CLANG_WARN_INFINITE_RECURSION = YES;
				CLANG_WARN_INT_CONVERSION = YES;
				CLANG_WARN_NON_LITERAL_NULL_CONVERSION = YES;
				CLANG_WARN_OBJC_IMPLICIT_RETAIN_SELF = YES;
				CLANG_WARN_OBJC_LITERAL_CONVERSION = YES;
				CLANG_WARN_OBJC_ROOT_CLASS = YES_ERROR;
				CLANG_WARN_QUOTED_INCLUDE_IN_FRAMEWORK_HEADER = YES;
				CLANG_WARN_RANGE_LOOP_ANALYSIS = YES;
				CLANG_WARN_STRICT_PROTOTYPES = YES;
				CLANG_WARN_SUSPICIOUS_MOVE = YES;
				CLANG_WARN_UNGUARDED_AVAILABILITY = YES_AGGRESSIVE;
				CLANG_WARN_UNREACHABLE_CODE = YES;
				CLANG_WARN__DUPLICATE_METHOD_MATCH = YES;
				COPY_PHASE_STRIP = NO;
				DEBUG_INFORMATION_FORMAT = "dwarf-with-dsym";
				ENABLE_NS_ASSERTIONS = NO;
				ENABLE_STRICT_OBJC_MSGSEND = YES;
				GCC_C_LANGUAGE_STANDARD = gnu11;
				GCC_NO_COMMON_BLOCKS = YES;
				GCC_WARN_64_TO_32_BIT_CONVERSION = YES;
				GCC_WARN_ABOUT_RETURN_TYPE = YES_ERROR;
				GCC_WARN_UNDECLARED_SELECTOR = YES;
				GCC_WARN_UNINITIALIZED_AUTOS = YES_AGGRESSIVE;
				GCC_WARN_UNUSED_FUNCTION = YES;
				GCC_WARN_UNUSED_VARIABLE = YES;
				IPHONEOS_DEPLOYMENT_TARGET = 15.0;
				MTL_ENABLE_DEBUG_INFO = NO;
				MTL_FAST_MATH = YES;
				SDKROOT = iphoneos;
				SWIFT_COMPILATION_MODE = wholemodule;
				SWIFT_OPTIMIZATION_LEVEL = "-O";
				VALIDATE_PRODUCT = YES;
			};
			name = Release;
		};
		0D9F7A3B2764979600CCD550 /* Debug */ = {
			isa = XCBuildConfiguration;
			buildSettings = {
				ASSETCATALOG_COMPILER_APPICON_NAME = AppIcon;
				ASSETCATALOG_COMPILER_GLOBAL_ACCENT_COLOR_NAME = AccentColor;
				CODE_SIGN_STYLE = Automatic;
				CURRENT_PROJECT_VERSION = 1;
				GENERATE_INFOPLIST_FILE = YES;
				INFOPLIST_FILE = Test1/Info.plist;
				INFOPLIST_KEY_UIApplicationSupportsIndirectInputEvents = YES;
				INFOPLIST_KEY_UILaunchStoryboardName = LaunchScreen;
				INFOPLIST_KEY_UIMainStoryboardFile = Main;
				INFOPLIST_KEY_UISupportedInterfaceOrientations_iPad = "UIInterfaceOrientationPortrait UIInterfaceOrientationPortraitUpsideDown UIInterfaceOrientationLandscapeLeft UIInterfaceOrientationLandscapeRight";
				INFOPLIST_KEY_UISupportedInterfaceOrientations_iPhone = "UIInterfaceOrientationPortrait UIInterfaceOrientationLandscapeLeft UIInterfaceOrientationLandscapeRight";
				LD_RUNPATH_SEARCH_PATHS = (
					"$(inherited)",
					"@executable_path/Frameworks",
				);
				MARKETING_VERSION = 1.0;
				PRODUCT_BUNDLE_IDENTIFIER = JinWorld.Test1;
				PRODUCT_NAME = "$(TARGET_NAME)";
				SWIFT_EMIT_LOC_STRINGS = YES;
				SWIFT_VERSION = 5.0;
				TARGETED_DEVICE_FAMILY = "1,2";
			};
			name = Debug;
		};
		0D9F7A3C2764979600CCD550 /* Release */ = {
			isa = XCBuildConfiguration;
			buildSettings = {
				ASSETCATALOG_COMPILER_APPICON_NAME = AppIcon;
				ASSETCATALOG_COMPILER_GLOBAL_ACCENT_COLOR_NAME = AccentColor;
				CODE_SIGN_STYLE = Automatic;
				CURRENT_PROJECT_VERSION = 1;
				GENERATE_INFOPLIST_FILE = YES;
				INFOPLIST_FILE = Test1/Info.plist;
				INFOPLIST_KEY_UIApplicationSupportsIndirectInputEvents = YES;
				INFOPLIST_KEY_UILaunchStoryboardName = LaunchScreen;
				INFOPLIST_KEY_UIMainStoryboardFile = Main;
				INFOPLIST_KEY_UISupportedInterfaceOrientations_iPad = "UIInterfaceOrientationPortrait UIInterfaceOrientationPortraitUpsideDown UIInterfaceOrientationLandscapeLeft UIInterfaceOrientationLandscapeRight";
				INFOPLIST_KEY_UISupportedInterfaceOrientations_iPhone = "UIInterfaceOrientationPortrait UIInterfaceOrientationLandscapeLeft UIInterfaceOrientationLandscapeRight";
				LD_RUNPATH_SEARCH_PATHS = (
					"$(inherited)",
					"@executable_path/Frameworks",
				);
				MARKETING_VERSION = 1.0;
				PRODUCT_BUNDLE_IDENTIFIER = JinWorld.Test1;
				PRODUCT_NAME = "$(TARGET_NAME)";
				SWIFT_EMIT_LOC_STRINGS = YES;
				SWIFT_VERSION = 5.0;
				TARGETED_DEVICE_FAMILY = "1,2";
			};
			name = Release;
		};
		0D9F7A3E2764979600CCD550 /* Debug */ = {
			isa = XCBuildConfiguration;
			buildSettings = {
				ALWAYS_EMBED_SWIFT_STANDARD_LIBRARIES = YES;
				BUNDLE_LOADER = "$(TEST_HOST)";
				CODE_SIGN_STYLE = Automatic;
				CURRENT_PROJECT_VERSION = 1;
				GENERATE_INFOPLIST_FILE = YES;
				IPHONEOS_DEPLOYMENT_TARGET = 15.0;
				LD_RUNPATH_SEARCH_PATHS = (
					"$(inherited)",
					"@executable_path/Frameworks",
					"@loader_path/Frameworks",
				);
				MARKETING_VERSION = 1.0;
				PRODUCT_BUNDLE_IDENTIFIER = JinWorld.Test1Tests;
				PRODUCT_NAME = "$(TARGET_NAME)";
				SWIFT_EMIT_LOC_STRINGS = NO;
				SWIFT_VERSION = 5.0;
				TARGETED_DEVICE_FAMILY = "1,2";
				TEST_HOST = "$(BUILT_PRODUCTS_DIR)/Test1.app/Test1";
			};
			name = Debug;
		};
		0D9F7A3F2764979600CCD550 /* Release */ = {
			isa = XCBuildConfiguration;
			buildSettings = {
				ALWAYS_EMBED_SWIFT_STANDARD_LIBRARIES = YES;
				BUNDLE_LOADER = "$(TEST_HOST)";
				CODE_SIGN_STYLE = Automatic;
				CURRENT_PROJECT_VERSION = 1;
				GENERATE_INFOPLIST_FILE = YES;
				IPHONEOS_DEPLOYMENT_TARGET = 15.0;
				LD_RUNPATH_SEARCH_PATHS = (
					"$(inherited)",
					"@executable_path/Frameworks",
					"@loader_path/Frameworks",
				);
				MARKETING_VERSION = 1.0;
				PRODUCT_BUNDLE_IDENTIFIER = JinWorld.Test1Tests;
				PRODUCT_NAME = "$(TARGET_NAME)";
				SWIFT_EMIT_LOC_STRINGS = NO;
				SWIFT_VERSION = 5.0;
				TARGETED_DEVICE_FAMILY = "1,2";
				TEST_HOST = "$(BUILT_PRODUCTS_DIR)/Test1.app/Test1";
			};
			name = Release;
		};
		0D9F7A412764979600CCD550 /* Debug */ = {
			isa = XCBuildConfiguration;
			buildSettings = {
				ALWAYS_EMBED_SWIFT_STANDARD_LIBRARIES = YES;
				CODE_SIGN_STYLE = Automatic;
				CURRENT_PROJECT_VERSION = 1;
				GENERATE_INFOPLIST_FILE = YES;
				LD_RUNPATH_SEARCH_PATHS = (
					"$(inherited)",
					"@executable_path/Frameworks",
					"@loader_path/Frameworks",
				);
				MARKETING_VERSION = 1.0;
				PRODUCT_BUNDLE_IDENTIFIER = JinWorld.Test1UITests;
				PRODUCT_NAME = "$(TARGET_NAME)";
				SWIFT_EMIT_LOC_STRINGS = NO;
				SWIFT_VERSION = 5.0;
				TARGETED_DEVICE_FAMILY = "1,2";
				TEST_TARGET_NAME = Test1;
			};
			name = Debug;
		};
		0D9F7A422764979600CCD550 /* Release */ = {
			isa = XCBuildConfiguration;
			buildSettings = {
				ALWAYS_EMBED_SWIFT_STANDARD_LIBRARIES = YES;
				CODE_SIGN_STYLE = Automatic;
				CURRENT_PROJECT_VERSION = 1;
				GENERATE_INFOPLIST_FILE = YES;
				LD_RUNPATH_SEARCH_PATHS = (
					"$(inherited)",
					"@executable_path/Frameworks",
					"@loader_path/Frameworks",
				);
				MARKETING_VERSION = 1.0;
				PRODUCT_BUNDLE_IDENTIFIER = JinWorld.Test1UITests;
				PRODUCT_NAME = "$(TARGET_NAME)";
				SWIFT_EMIT_LOC_STRINGS = NO;
				SWIFT_VERSION = 5.0;
				TARGETED_DEVICE_FAMILY = "1,2";
				TEST_TARGET_NAME = Test1;
			};
			name = Release;
		};
/* End XCBuildConfiguration section */

/* Begin XCConfigurationList section */
		0D9F7A0B2764979400CCD550 /* Build configuration list for PBXProject "Test1" */ = {
			isa = XCConfigurationList;
			buildConfigurations = (
				0D9F7A382764979600CCD550 /* Debug */,
				0D9F7A392764979600CCD550 /* Release */,
			);
			defaultConfigurationIsVisible = 0;
			defaultConfigurationName = Release;
		};
		0D9F7A3A2764979600CCD550 /* Build configuration list for PBXNativeTarget "Test1" */ = {
			isa = XCConfigurationList;
			buildConfigurations = (
				0D9F7A3B2764979600CCD550 /* Debug */,
				0D9F7A3C2764979600CCD550 /* Release */,
			);
			defaultConfigurationIsVisible = 0;
			defaultConfigurationName = Release;
		};
		0D9F7A3D2764979600CCD550 /* Build configuration list for PBXNativeTarget "Test1Tests" */ = {
			isa = XCConfigurationList;
			buildConfigurations = (
				0D9F7A3E2764979600CCD550 /* Debug */,
				0D9F7A3F2764979600CCD550 /* Release */,
			);
			defaultConfigurationIsVisible = 0;
			defaultConfigurationName = Release;
		};
		0D9F7A402764979600CCD550 /* Build configuration list for PBXNativeTarget "Test1UITests" */ = {
			isa = XCConfigurationList;
			buildConfigurations = (
				0D9F7A412764979600CCD550 /* Debug */,
				0D9F7A422764979600CCD550 /* Release */,
			);
			defaultConfigurationIsVisible = 0;
			defaultConfigurationName = Release;
		};
/* End XCConfigurationList section */
	};
	rootObject = 0D9F7A082764979400CCD550 /* Project object */;
}
